{
  "name": "category-colors",
  "version": "3.0.1",
  "lockfileVersion": 3,
  "requires": true,
  "packages": {
    "": {
      "name": "category-colors",
      "version": "3.0.1",
      "license": "MIT",
      "dependencies": {
        "culori": "^4.0.2",
        "munkres-algorithm": "^1.0.2"
      },
      "bin": {
        "category-colors": "bin/category-colors.js"
      },
      "devDependencies": {
        "color-buddy-palette-lint": "^0.0.8"
      },
      "engines": {
        "node": ">=22.12.0"
      }
    },
    "node_modules/@bjornlu/colorblind": {
      "version": "1.0.3",
      "resolved": "https://registry.npmjs.org/@bjornlu/colorblind/-/colorblind-1.0.3.tgz",
      "integrity": "sha512-RG9W0BuFib5xN19R4U1dFK7s26+UPiJqHdwqawpvH7sywXJ6zc37onPpRpnFP0aNuKLhhmuitqPAXxLxOA+HgQ==",
      "dev": true,
      "license": "MIT"
    },
    "node_modules/color-buddy-color-lists": {
      "version": "0.0.5",
      "resolved": "https://registry.npmjs.org/color-buddy-color-lists/-/color-buddy-color-lists-0.0.5.tgz",
      "integrity": "sha512-QQH2mkOADjgDX9HrsCeaMhhauFicLrYytye4BRXBxWnwDieLTNiHn6qARE8NfLn/2jpI3cM5ndQJPOHEuGmiKA==",
      "dev": true,
      "license": "BSD-3-Clause"
    },
    "node_modules/color-buddy-color-namer": {
      "version": "0.0.10",
      "resolved": "https://registry.npmjs.org/color-buddy-color-namer/-/color-buddy-color-namer-0.0.10.tgz",
      "integrity": "sha512-OwhcqZbQqtDjeRRfuzpxFDLsbJKbn+X9K6V/bsDFbyH6SZWorRBKAChB1VcAGxXW10wr6PRirlwUGtIgDKRSmg==",
      "dev": true,
      "license": "BSD-3-Clause",
      "dependencies": {
        "color-buddy-palette": "*"
      }
    },
    "node_modules/color-buddy-palette": {
      "version": "0.0.7",
      "resolved": "https://registry.npmjs.org/color-buddy-palette/-/color-buddy-palette-0.0.7.tgz",
      "integrity": "sha512-Yr0uVROmZRyb0s6tQRp+7jUr2OZ0Mfbw5VZR0qG5rXa0JKRQV6CA05p6FGelVeVTvjPuGoMgycD/XIWGyIA/4w==",
      "dev": true,
      "license": "BSD-3-Clause",
      "dependencies": {
        "@bjornlu/colorblind": "^1.0.3",
        "color-buddy-color-lists": "*"
      }
    },
    "node_modules/color-buddy-palette-lint": {
      "version": "0.0.8",
      "resolved": "https://registry.npmjs.org/color-buddy-palette-lint/-/color-buddy-palette-lint-0.0.8.tgz",
      "integrity": "sha512-RWxsnC/iZAGt1yFI2Bc8Ej94wRs8o/T7VicHpiRxREp4qOIoo0XOKDkz2YUwnCQqxXbuJ3n4lwIfAsOmmZe/bQ==",
      "dev": true,
      "license": "BSD-3-Clause",
      "dependencies": {
        "color-buddy-color-lists": "*",
        "color-buddy-color-namer": "*",
        "color-buddy-palette": "*",
        "fracturedjsonjs": "^4.0.1",
        "ohm-js": "^17.1.0"
      }
    },
    "node_modules/culori": {
      "version": "4.0.2",
      "resolved": "https://registry.npmjs.org/culori/-/culori-4.0.2.tgz",
      "integrity": "sha512-1+BhOB8ahCn4O0cep0Sh2l9KCOfOdY+BXJnKMHFFzDEouSr/el18QwXEMRlOj9UY5nCeA8UN3a/82rUWRBeyBw==",
      "license": "MIT",
      "engines": {
        "node": "^12.20.0 || ^14.13.1 || >=16.0.0"
      }
    },
    "node_modules/fracturedjsonjs": {
      "version": "4.1.1",
      "resolved": "https://registry.npmjs.org/fracturedjsonjs/-/fracturedjsonjs-4.1.1.tgz",
      "integrity": "sha512-zpxgrF586btwidqdDRggOviFnihJh2uqompWfV8EkSd0zPROgQKToY2QCPkG+2uzHvt1fmRkqZIWklAnsKuRsA==",
      "dev": true,
      "license": "MIT"
    },
    "node_modules/munkres-algorithm": {
      "version": "1.0.2",
      "resolved": "https://registry.npmjs.org/munkres-algorithm/-/munkres-algorithm-1.0.2.tgz",
      "integrity": "sha512-8XyWpmwmRCDkdBNw4jfYKyxfzrv51MJrR7OpMFdytO1oEElz5zqC2IuwgZeiBWfXhcd6eOaHQOAQossTB1e3tQ=="
    },
    "node_modules/ohm-js": {
      "version": "17.5.0",
      "resolved": "https://registry.npmjs.org/ohm-js/-/ohm-js-17.5.0.tgz",
      "integrity": "sha512-l4Sa7026+6jsvYbt0PXKmL+f+ML32fD++IznLgxDhx2t9Cx6NC7zwRqblCujPHGGmkQerHoeBzRutdxaw/S72g==",
      "dev": true,
      "license": "MIT",
      "engines": {
        "node": ">=0.12.1"
      }
    }
  }
}
