{
  "name": "categorycolors",
  "version": "1.0.0",
  "lockfileVersion": 3,
  "requires": true,
  "packages": {
    "": {
      "name": "categorycolors",
      "version": "1.0.0",
      "license": "ISC",
      "dependencies": {
        "colorjs.io": "^0.6.0-alpha.1",
        "culori": "^4.0.2",
        "munkres-algorithm": "^1.0.2"
      }
    },
    "node_modules/colorjs.io": {
      "version": "0.6.0-alpha.1",
      "resolved": "https://registry.npmjs.org/colorjs.io/-/colorjs.io-0.6.0-alpha.1.tgz",
      "integrity": "sha512-c/h/8uAmPydQcriRdX8UTAFHj6SpSHFHBA8LvMikvYWAVApPTwg/pyOXNsGmaCBd6L/EeDlRHSNhTtnIFp/qsg==",
      "license": "MIT",
      "funding": {
        "type": "opencollective",
        "url": "https://opencollective.com/color"
      }
    },
    "node_modules/culori": {
      "version": "4.0.2",
      "resolved": "https://registry.npmjs.org/culori/-/culori-4.0.2.tgz",
      "integrity": "sha512-1+BhOB8ahCn4O0cep0Sh2l9KCOfOdY+BXJnKMHFFzDEouSr/el18QwXEMRlOj9UY5nCeA8UN3a/82rUWRBeyBw==",
      "license": "MIT",
      "engines": {
        "node": "^12.20.0 || ^14.13.1 || >=16.0.0"
      }
    },
    "node_modules/munkres-algorithm": {
      "version": "1.0.2",
      "resolved": "https://registry.npmjs.org/munkres-algorithm/-/munkres-algorithm-1.0.2.tgz",
      "integrity": "sha512-8XyWpmwmRCDkdBNw4jfYKyxfzrv51MJrR7OpMFdytO1oEElz5zqC2IuwgZeiBWfXhcd6eOaHQOAQossTB1e3tQ=="
    }
  }
}
